
Microsoft Visual Studio Solution File, Format Version 12.00
# Visual Studio Version 16
VisualStudioVersion = 16.0.29609.76
MinimumVisualStudioVersion = 10.0.40219.1
Project("{2150E333-8FDC-42A3-9474-1A3956D46DE8}") = "1.WorkingWithExceptions", "1.WorkingWithExceptions", "{BC9B0ECA-BDF4-4F9E-B084-737090B3347B}"
EndProject
Project("{2150E333-8FDC-42A3-9474-1A3956D46DE8}") = "2.UnderstandingAppPipeline", "2.UnderstandingAppPipeline", "{3E4F8E5D-DDA8-46E8-B75B-143D4B5E1D94}"
EndProject
Project("{9A19103F-16F7-4668-BE54-9A1E7A4F7556}") = "MiddlewareExamples", "MiddlewareExamples\MiddlewareExamples.csproj", "{A542EDA5-5F50-4F2E-BCD4-0BAC8C0DE0CC}"
EndProject
Project("{9A19103F-16F7-4668-BE54-9A1E7A4F7556}") = "ExceptionExamples", "ExceptionExamples\ExceptionExamples.csproj", "{8A3EB41A-64B5-4178-A78E-4E41FEAAD3F8}"
EndProject
Project("{2150E333-8FDC-42A3-9474-1A3956D46DE8}") = "4.DependencyInjection", "4.DependencyInjection", "{5CC623DF-341A-4180-92EF-BE541D6CD221}"
EndProject
Project("{9A19103F-16F7-4668-BE54-9A1E7A4F7556}") = "IoCAndDependencyInjection", "IoCAndDependencyInjection\IoCAndDependencyInjection.csproj", "{1C97710B-947E-4454-B8EE-1CB672EDD4E3}"
EndProject
Project("{9A19103F-16F7-4668-BE54-9A1E7A4F7556}") = "SimpleIocContainer", "SimpleIocContainer\SimpleIocContainer.csproj", "{DC873E89-6020-48EF-815F-D7FFF0E6332B}"
EndProject
Project("{2150E333-8FDC-42A3-9474-1A3956D46DE8}") = "IoCContainer", "IoCContainer", "{F2DED73A-EF35-422A-9444-1FF60307DF13}"
EndProject
Project("{9A19103F-16F7-4668-BE54-9A1E7A4F7556}") = "SimpleIocContainerTestFixtures", "SimpleIocContainerTestFixtures\SimpleIocContainerTestFixtures.csproj", "{412D0C3A-0FD1-4E29-8005-865DF81E642A}"
EndProject
Project("{9A19103F-16F7-4668-BE54-9A1E7A4F7556}") = "UserServices", "UserServices\UserServices.csproj", "{E27BBCA6-55BD-4D17-8ECA-4C4FE22423CA}"
EndProject
Project("{9A19103F-16F7-4668-BE54-9A1E7A4F7556}") = "UserServicesTestFixtures", "UserServicesTestFixtures\UserServicesTestFixtures.csproj", "{078F8D54-1F26-41BE-B825-7CBE8F3D0ECB}"
EndProject
Project("{2150E333-8FDC-42A3-9474-1A3956D46DE8}") = "5.WebApi", "5.WebApi", "{FAC5EB15-C533-4D17-8323-604876D4A968}"
EndProject
Project("{9A19103F-16F7-4668-BE54-9A1E7A4F7556}") = "Ticketing.Models", "Ticketing.Models\Ticketing.Models.csproj", "{AAED2DBD-5E99-4DB9-9CF1-CB06F1AA5681}"
EndProject
Project("{9A19103F-16F7-4668-BE54-9A1E7A4F7556}") = "Ticketing.Data", "Ticketing.Data\Ticketing.Data.csproj", "{6334E457-CED1-4461-8BC5-D370A2051C6C}"
EndProject
Project("{9A19103F-16F7-4668-BE54-9A1E7A4F7556}") = "Ticketing.Services", "Ticketing.Services\Ticketing.Services.csproj", "{75C961E0-7B05-44AE-B190-2B72D5DD5EB5}"
EndProject
Project("{9A19103F-16F7-4668-BE54-9A1E7A4F7556}") = "Ticketing.Api", "Ticketing.Api\Ticketing.Api.csproj", "{A2C9C388-5FB2-424B-8BA8-9C92D46D43A1}"
EndProject
Project("{2150E333-8FDC-42A3-9474-1A3956D46DE8}") = "_.Set-up", "_.Set-up", "{FA3B7CC6-2981-489E-80C5-5326E80C4506}"
EndProject
Project("{9A19103F-16F7-4668-BE54-9A1E7A4F7556}") = "DataMigration", "DataMigration\DataMigration.csproj", "{02773BEE-652B-4980-93AB-DBF07EA8E21F}"
EndProject
Global
	GlobalSection(SolutionConfigurationPlatforms) = preSolution
		Debug|Any CPU = Debug|Any CPU
		Release|Any CPU = Release|Any CPU
	EndGlobalSection
	GlobalSection(ProjectConfigurationPlatforms) = postSolution
		{A542EDA5-5F50-4F2E-BCD4-0BAC8C0DE0CC}.Debug|Any CPU.ActiveCfg = Debug|Any CPU
		{A542EDA5-5F50-4F2E-BCD4-0BAC8C0DE0CC}.Debug|Any CPU.Build.0 = Debug|Any CPU
		{A542EDA5-5F50-4F2E-BCD4-0BAC8C0DE0CC}.Release|Any CPU.ActiveCfg = Release|Any CPU
		{A542EDA5-5F50-4F2E-BCD4-0BAC8C0DE0CC}.Release|Any CPU.Build.0 = Release|Any CPU
		{8A3EB41A-64B5-4178-A78E-4E41FEAAD3F8}.Debug|Any CPU.ActiveCfg = Debug|Any CPU
		{8A3EB41A-64B5-4178-A78E-4E41FEAAD3F8}.Debug|Any CPU.Build.0 = Debug|Any CPU
		{8A3EB41A-64B5-4178-A78E-4E41FEAAD3F8}.Release|Any CPU.ActiveCfg = Release|Any CPU
		{8A3EB41A-64B5-4178-A78E-4E41FEAAD3F8}.Release|Any CPU.Build.0 = Release|Any CPU
		{1C97710B-947E-4454-B8EE-1CB672EDD4E3}.Debug|Any CPU.ActiveCfg = Debug|Any CPU
		{1C97710B-947E-4454-B8EE-1CB672EDD4E3}.Debug|Any CPU.Build.0 = Debug|Any CPU
		{1C97710B-947E-4454-B8EE-1CB672EDD4E3}.Release|Any CPU.ActiveCfg = Release|Any CPU
		{1C97710B-947E-4454-B8EE-1CB672EDD4E3}.Release|Any CPU.Build.0 = Release|Any CPU
		{DC873E89-6020-48EF-815F-D7FFF0E6332B}.Debug|Any CPU.ActiveCfg = Debug|Any CPU
		{DC873E89-6020-48EF-815F-D7FFF0E6332B}.Debug|Any CPU.Build.0 = Debug|Any CPU
		{DC873E89-6020-48EF-815F-D7FFF0E6332B}.Release|Any CPU.ActiveCfg = Release|Any CPU
		{DC873E89-6020-48EF-815F-D7FFF0E6332B}.Release|Any CPU.Build.0 = Release|Any CPU
		{412D0C3A-0FD1-4E29-8005-865DF81E642A}.Debug|Any CPU.ActiveCfg = Debug|Any CPU
		{412D0C3A-0FD1-4E29-8005-865DF81E642A}.Debug|Any CPU.Build.0 = Debug|Any CPU
		{412D0C3A-0FD1-4E29-8005-865DF81E642A}.Release|Any CPU.ActiveCfg = Release|Any CPU
		{412D0C3A-0FD1-4E29-8005-865DF81E642A}.Release|Any CPU.Build.0 = Release|Any CPU
		{E27BBCA6-55BD-4D17-8ECA-4C4FE22423CA}.Debug|Any CPU.ActiveCfg = Debug|Any CPU
		{E27BBCA6-55BD-4D17-8ECA-4C4FE22423CA}.Debug|Any CPU.Build.0 = Debug|Any CPU
		{E27BBCA6-55BD-4D17-8ECA-4C4FE22423CA}.Release|Any CPU.ActiveCfg = Release|Any CPU
		{E27BBCA6-55BD-4D17-8ECA-4C4FE22423CA}.Release|Any CPU.Build.0 = Release|Any CPU
		{078F8D54-1F26-41BE-B825-7CBE8F3D0ECB}.Debug|Any CPU.ActiveCfg = Debug|Any CPU
		{078F8D54-1F26-41BE-B825-7CBE8F3D0ECB}.Debug|Any CPU.Build.0 = Debug|Any CPU
		{078F8D54-1F26-41BE-B825-7CBE8F3D0ECB}.Release|Any CPU.ActiveCfg = Release|Any CPU
		{078F8D54-1F26-41BE-B825-7CBE8F3D0ECB}.Release|Any CPU.Build.0 = Release|Any CPU
		{AAED2DBD-5E99-4DB9-9CF1-CB06F1AA5681}.Debug|Any CPU.ActiveCfg = Debug|Any CPU
		{AAED2DBD-5E99-4DB9-9CF1-CB06F1AA5681}.Debug|Any CPU.Build.0 = Debug|Any CPU
		{AAED2DBD-5E99-4DB9-9CF1-CB06F1AA5681}.Release|Any CPU.ActiveCfg = Release|Any CPU
		{AAED2DBD-5E99-4DB9-9CF1-CB06F1AA5681}.Release|Any CPU.Build.0 = Release|Any CPU
		{6334E457-CED1-4461-8BC5-D370A2051C6C}.Debug|Any CPU.ActiveCfg = Debug|Any CPU
		{6334E457-CED1-4461-8BC5-D370A2051C6C}.Debug|Any CPU.Build.0 = Debug|Any CPU
		{6334E457-CED1-4461-8BC5-D370A2051C6C}.Release|Any CPU.ActiveCfg = Release|Any CPU
		{6334E457-CED1-4461-8BC5-D370A2051C6C}.Release|Any CPU.Build.0 = Release|Any CPU
		{75C961E0-7B05-44AE-B190-2B72D5DD5EB5}.Debug|Any CPU.ActiveCfg = Debug|Any CPU
		{75C961E0-7B05-44AE-B190-2B72D5DD5EB5}.Debug|Any CPU.Build.0 = Debug|Any CPU
		{75C961E0-7B05-44AE-B190-2B72D5DD5EB5}.Release|Any CPU.ActiveCfg = Release|Any CPU
		{75C961E0-7B05-44AE-B190-2B72D5DD5EB5}.Release|Any CPU.Build.0 = Release|Any CPU
		{A2C9C388-5FB2-424B-8BA8-9C92D46D43A1}.Debug|Any CPU.ActiveCfg = Debug|Any CPU
		{A2C9C388-5FB2-424B-8BA8-9C92D46D43A1}.Debug|Any CPU.Build.0 = Debug|Any CPU
		{A2C9C388-5FB2-424B-8BA8-9C92D46D43A1}.Release|Any CPU.ActiveCfg = Release|Any CPU
		{A2C9C388-5FB2-424B-8BA8-9C92D46D43A1}.Release|Any CPU.Build.0 = Release|Any CPU
		{02773BEE-652B-4980-93AB-DBF07EA8E21F}.Debug|Any CPU.ActiveCfg = Debug|Any CPU
		{02773BEE-652B-4980-93AB-DBF07EA8E21F}.Debug|Any CPU.Build.0 = Debug|Any CPU
		{02773BEE-652B-4980-93AB-DBF07EA8E21F}.Release|Any CPU.ActiveCfg = Release|Any CPU
		{02773BEE-652B-4980-93AB-DBF07EA8E21F}.Release|Any CPU.Build.0 = Release|Any CPU
	EndGlobalSection
	GlobalSection(SolutionProperties) = preSolution
		HideSolutionNode = FALSE
	EndGlobalSection
	GlobalSection(NestedProjects) = preSolution
		{A542EDA5-5F50-4F2E-BCD4-0BAC8C0DE0CC} = {3E4F8E5D-DDA8-46E8-B75B-143D4B5E1D94}
		{8A3EB41A-64B5-4178-A78E-4E41FEAAD3F8} = {BC9B0ECA-BDF4-4F9E-B084-737090B3347B}
		{1C97710B-947E-4454-B8EE-1CB672EDD4E3} = {5CC623DF-341A-4180-92EF-BE541D6CD221}
		{DC873E89-6020-48EF-815F-D7FFF0E6332B} = {F2DED73A-EF35-422A-9444-1FF60307DF13}
		{F2DED73A-EF35-422A-9444-1FF60307DF13} = {5CC623DF-341A-4180-92EF-BE541D6CD221}
		{412D0C3A-0FD1-4E29-8005-865DF81E642A} = {F2DED73A-EF35-422A-9444-1FF60307DF13}
		{E27BBCA6-55BD-4D17-8ECA-4C4FE22423CA} = {5CC623DF-341A-4180-92EF-BE541D6CD221}
		{078F8D54-1F26-41BE-B825-7CBE8F3D0ECB} = {5CC623DF-341A-4180-92EF-BE541D6CD221}
		{AAED2DBD-5E99-4DB9-9CF1-CB06F1AA5681} = {FAC5EB15-C533-4D17-8323-604876D4A968}
		{6334E457-CED1-4461-8BC5-D370A2051C6C} = {FAC5EB15-C533-4D17-8323-604876D4A968}
		{75C961E0-7B05-44AE-B190-2B72D5DD5EB5} = {FAC5EB15-C533-4D17-8323-604876D4A968}
		{A2C9C388-5FB2-424B-8BA8-9C92D46D43A1} = {FAC5EB15-C533-4D17-8323-604876D4A968}
		{02773BEE-652B-4980-93AB-DBF07EA8E21F} = {FA3B7CC6-2981-489E-80C5-5326E80C4506}
	EndGlobalSection
	GlobalSection(ExtensibilityGlobals) = postSolution
		SolutionGuid = {2289D9E4-C6A7-4577-8134-8A6BF4B7F0D0}
	EndGlobalSection
EndGlobal
